
Microsoft Visual Studio Solution File, Format Version 12.00
# Visual Studio Version 17
VisualStudioVersion = 17.7.34202.233
MinimumVisualStudioVersion = 10.0.40219.1
Project("{FAE04EC0-301F-11D3-BF4B-00C04F79EFBC}") = "WebAPI_JsonWeb_Token_Auth", "WebAPI_JsonWeb_Token_Auth\WebAPI_JsonWeb_Token_Auth.csproj", "{ADC6B4DE-4FF4-4B53-BE64-425D571EAA4B}"
EndProject
Global
	GlobalSection(SolutionConfigurationPlatforms) = preSolution
		Debug|Any CPU = Debug|Any CPU
		Release|Any CPU = Release|Any CPU
	EndGlobalSection
	GlobalSection(ProjectConfigurationPlatforms) = postSolution
		{ADC6B4DE-4FF4-4B53-BE64-425D571EAA4B}.Debug|Any CPU.ActiveCfg = Debug|Any CPU
		{ADC6B4DE-4FF4-4B53-BE64-425D571EAA4B}.Debug|Any CPU.Build.0 = Debug|Any CPU
		{ADC6B4DE-4FF4-4B53-BE64-425D571EAA4B}.Release|Any CPU.ActiveCfg = Release|Any CPU
		{ADC6B4DE-4FF4-4B53-BE64-425D571EAA4B}.Release|Any CPU.Build.0 = Release|Any CPU
	EndGlobalSection
	GlobalSection(SolutionProperties) = preSolution
		HideSolutionNode = FALSE
	EndGlobalSection
	GlobalSection(ExtensibilityGlobals) = postSolution
		SolutionGuid = {FF171456-FBC3-4243-8FB8-61EBBE98BF00}
	EndGlobalSection
EndGlobal
